
Microsoft Visual Studio Solution File, Format Version 12.00
# Visual Studio 15
VisualStudioVersion = 15.0.28307.1684
MinimumVisualStudioVersion = 10.0.40219.1
Project("{8BC9CEB8-8B4A-11D0-8D11-00A0C91BC942}") = "Lab1-2", "Lab1-2\Lab1-2.vcxproj", "{45DA0712-D725-4AE4-91A9-320B19BED596}"
EndProject
Global
	GlobalSection(SolutionConfigurationPlatforms) = preSolution
		Debug|x64 = Debug|x64
		Debug|x86 = Debug|x86
		Release|x64 = Release|x64
		Release|x86 = Release|x86
	EndGlobalSection
	GlobalSection(ProjectConfigurationPlatforms) = postSolution
		{45DA0712-D725-4AE4-91A9-320B19BED596}.Debug|x64.ActiveCfg = Debug|x64
		{45DA0712-D725-4AE4-91A9-320B19BED596}.Debug|x64.Build.0 = Debug|x64
		{45DA0712-D725-4AE4-91A9-320B19BED596}.Debug|x86.ActiveCfg = Debug|Win32
		{45DA0712-D725-4AE4-91A9-320B19BED596}.Debug|x86.Build.0 = Debug|Win32
		{45DA0712-D725-4AE4-91A9-320B19BED596}.Release|x64.ActiveCfg = Release|x64
		{45DA0712-D725-4AE4-91A9-320B19BED596}.Release|x64.Build.0 = Release|x64
		{45DA0712-D725-4AE4-91A9-320B19BED596}.Release|x86.ActiveCfg = Release|Win32
		{45DA0712-D725-4AE4-91A9-320B19BED596}.Release|x86.Build.0 = Release|Win32
	EndGlobalSection
	GlobalSection(SolutionProperties) = preSolution
		HideSolutionNode = FALSE
	EndGlobalSection
	GlobalSection(ExtensibilityGlobals) = postSolution
		SolutionGuid = {C6D74723-EC3C-4B53-BE35-193F15475D02}
	EndGlobalSection
EndGlobal
